// !$*UTF8*$!
{
	archiveVersion = 1;
	classes = {
	};
	objectVersion = 46;
	objects = {

/* Begin PBXBuildFile section */
		24D20D781EFB9D4100C280E9 /* AppDelegate.swift in Sources */ = {isa = PBXBuildFile; fileRef = 24D20D771EFB9D4100C280E9 /* AppDelegate.swift */; };
		24D20D7A1EFB9D4100C280E9 /* ViewController.swift in Sources */ = {isa = PBXBuildFile; fileRef = 24D20D791EFB9D4100C280E9 /* ViewController.swift */; };
		24D20D7D1EFB9D4100C280E9 /* Main.storyboard in Resources */ = {isa = PBXBuildFile; fileRef = 24D20D7B1EFB9D4100C280E9 /* Main.storyboard */; };
		24D20D7F1EFB9D4100C280E9 /* Assets.xcassets in Resources */ = {isa = PBXBuildFile; fileRef = 24D20D7E1EFB9D4100C280E9 /* Assets.xcassets */; };
		24D20D821EFB9D4100C280E9 /* LaunchScreen.storyboard in Resources */ = {isa = PBXBuildFile; fileRef = 24D20D801EFB9D4100C280E9 /* LaunchScreen.storyboard */; };
/* End PBXBuildFile section */

/* Begin PBXFileReference section */
		24D20D741EFB9D4100C280E9 /* tipApp.app */ = {isa = PBXFileReference; explicitFileType = wrapper.application; includeInIndex = 0; path = tipApp.app; sourceTree = BUILT_PRODUCTS_DIR; };
		24D20D771EFB9D4100C280E9 /* AppDelegate.swift */ = {isa = PBXFileReference; lastKnownFileType = sourcecode.swift; path = AppDelegate.swift; sourceTree = "<group>"; };
		24D20D791EFB9D4100C280E9 /* ViewController.swift */ = {isa = PBXFileReference; lastKnownFileType = sourcecode.swift; path = ViewController.swift; sourceTree = "<group>"; };
		24D20D7C1EFB9D4100C280E9 /* Base */ = {isa = PBXFileReference; lastKnownFileType = file.storyboard; name = Base; path = Base.lproj/Main.storyboard; sourceTree = "<group>"; };
		24D20D7E1EFB9D4100C280E9 /* Assets.xcassets */ = {isa = PBXFileReference; lastKnownFileType = folder.assetcatalog; path = Assets.xcassets; sourceTree = "<group>"; };
		24D20D811EFB9D4100C280E9 /* Base */ = {isa = PBXFileReference; lastKnownFileType = file.storyboard; name = Base; path = Base.lproj/LaunchScreen.storyboard; sourceTree = "<group>"; };
		24D20D831EFB9D4100C280E9 /* Info.plist */ = {isa = PBXFileReference; lastKnownFileType = text.plist.xml; path = Info.plist; sourceTree = "<group>"; };
/* End PBXFileReference section */

/* Begin PBXFrameworksBuildPhase section */
		24D20D711EFB9D4100C280E9 /* Frameworks */ = {
			isa = PBXFrameworksBuildPhase;
			buildActionMask = 2147483647;
			files = (
			);
			runOnlyForDeploymentPostprocessing = 0;
		};
/* End PBXFrameworksBuildPhase section */

/* Begin PBXGroup section */
		24D20D6B1EFB9D4100C280E9 = {
			isa = PBXGroup;
			children = (
				24D20D761EFB9D4100C280E9 /* tipApp */,
				24D20D751EFB9D4100C280E9 /* Products */,
			);
			sourceTree = "<group>";
		};
		24D20D751EFB9D4100C280E9 /* Products */ = {
			isa = PBXGroup;
			children = (
				24D20D741EFB9D4100C280E9 /* tipApp.app */,
			);
			name = Products;
			sourceTree = "<group>";
		};
		24D20D761EFB9D4100C280E9 /* tipApp */ = {
			isa = PBXGroup;
			children = (
				24D20D771EFB9D4100C280E9 /* AppDelegate.swift */,
				24D20D791EFB9D4100C280E9 /* ViewController.swift */,
				24D20D7B1EFB9D4100C280E9 /* Main.storyboard */,
				24D20D7E1EFB9D4100C280E9 /* Assets.xcassets */,
				24D20D801EFB9D4100C280E9 /* LaunchScreen.storyboard */,
				24D20D831EFB9D4100C280E9 /* Info.plist */,
			);
			path = tipApp;
			sourceTree = "<group>";
		};
/* End PBXGroup section */

/* Begin PBXNativeTarget section */
		24D20D731EFB9D4100C280E9 /* tipApp */ = {
			isa = PBXNativeTarget;
			buildConfigurationList = 24D20D861EFB9D4100C280E9 /* Build configuration list for PBXNativeTarget "tipApp" */;
			buildPhases = (
				24D20D701EFB9D4100C280E9 /* Sources */,
				24D20D711EFB9D4100C280E9 /* Frameworks */,
				24D20D721EFB9D4100C280E9 /* Resources */,
			);
			buildRules = (
			);
			dependencies = (
			);
			name = tipApp;
			productName = tipApp;
			productReference = 24D20D741EFB9D4100C280E9 /* tipApp.app */;
			productType = "com.apple.product-type.application";
		};
/* End PBXNativeTarget section */

/* Begin PBXProject section */
		24D20D6C1EFB9D4100C280E9 /* Project object */ = {
			isa = PBXProject;
			attributes = {
				LastSwiftUpdateCheck = 0830;
				LastUpgradeCheck = 0830;
				ORGANIZATIONNAME = "Nikhil Singh";
				TargetAttributes = {
					24D20D731EFB9D4100C280E9 = {
						CreatedOnToolsVersion = 8.3.2;
						DevelopmentTeam = S2PTDD55A4;
						ProvisioningStyle = Automatic;
					};
				};
			};
			buildConfigurationList = 24D20D6F1EFB9D4100C280E9 /* Build configuration list for PBXProject "tipApp" */;
			compatibilityVersion = "Xcode 3.2";
			developmentRegion = English;
			hasScannedForEncodings = 0;
			knownRegions = (
				en,
				Base,
			);
			mainGroup = 24D20D6B1EFB9D4100C280E9;
			productRefGroup = 24D20D751EFB9D4100C280E9 /* Products */;
			projectDirPath = "";
			projectRoot = "";
			targets = (
				24D20D731EFB9D4100C280E9 /* tipApp */,
			);
		};
/* End PBXProject section */

/* Begin PBXResourcesBuildPhase section */
		24D20D721EFB9D4100C280E9 /* Resources */ = {
			isa = PBXResourcesBuildPhase;
			buildActionMask = 2147483647;
			files = (
				24D20D821EFB9D4100C280E9 /* LaunchScreen.storyboard in Resources */,
				24D20D7F1EFB9D4100C280E9 /* Assets.xcassets in Resources */,
				24D20D7D1EFB9D4100C280E9 /* Main.storyboard in Resources */,
			);
			runOnlyForDeploymentPostprocessing = 0;
		};
/* End PBXResourcesBuildPhase section */

/* Begin PBXSourcesBuildPhase section */
		24D20D701EFB9D4100C280E9 /* Sources */ = {
			isa = PBXSourcesBuildPhase;
			buildActionMask = 2147483647;
			files = (
				24D20D7A1EFB9D4100C280E9 /* ViewController.swift in Sources */,
				24D20D781EFB9D4100C280E9 /* AppDelegate.swift in Sources */,
			);
			runOnlyForDeploymentPostprocessing = 0;
		};
/* End PBXSourcesBuildPhase section */

/* Begin PBXVariantGroup section */
		24D20D7B1EFB9D4100C280E9 /* Main.storyboard */ = {
			isa = PBXVariantGroup;
			children = (
				24D20D7C1EFB9D4100C280E9 /* Base */,
			);
			name = Main.storyboard;
			sourceTree = "<group>";
		};
		24D20D801EFB9D4100C280E9 /* LaunchScreen.storyboard */ = {
			isa = PBXVariantGroup;
			children = (
				24D20D811EFB9D4100C280E9 /* Base */,
			);
			name = LaunchScreen.storyboard;
			sourceTree = "<group>";
		};
/* End PBXVariantGroup section */

/* Begin XCBuildConfiguration section */
		24D20D841EFB9D4100C280E9 /* Debug */ = {
			isa = XCBuildConfiguration;
			buildSettings = {
				ALWAYS_SEARCH_USER_PATHS = NO;
				CLANG_ANALYZER_NONNULL = YES;
				CLANG_ANALYZER_NUMBER_OBJECT_CONVERSION = YES_AGGRESSIVE;
				CLANG_CXX_LANGUAGE_STANDARD = "gnu++0x";
				CLANG_CXX_LIBRARY = "libc++";
				CLANG_ENABLE_MODULES = YES;
				CLANG_ENABLE_OBJC_ARC = YES;
				CLANG_WARN_BOOL_CONVERSION = YES;
				CLANG_WARN_CONSTANT_CONVERSION = YES;
				CLANG_WARN_DIRECT_OBJC_ISA_USAGE = YES_ERROR;
				CLANG_WARN_DOCUMENTATION_COMMENTS = YES;
				CLANG_WARN_EMPTY_BODY = YES;
				CLANG_WARN_ENUM_CONVERSION = YES;
				CLANG_WARN_INFINITE_RECURSION = YES;
				CLANG_WARN_INT_CONVERSION = YES;
				CLANG_WARN_OBJC_ROOT_CLASS = YES_ERROR;
				CLANG_WARN_SUSPICIOUS_MOVE = YES;
				CLANG_WARN_UNREACHABLE_CODE = YES;
				CLANG_WARN__DUPLICATE_METHOD_MATCH = YES;
				"CODE_SIGN_IDENTITY[sdk=iphoneos*]" = "iPhone Developer";
				COPY_PHASE_STRIP = NO;
				DEBUG_INFORMATION_FORMAT = dwarf;
				ENABLE_STRICT_OBJC_MSGSEND = YES;
				ENABLE_TESTABILITY = YES;
				GCC_C_LANGUAGE_STANDARD = gnu99;
				GCC_DYNAMIC_NO_PIC = NO;
				GCC_NO_COMMON_BLOCKS = YES;
				GCC_OPTIMIZATION_LEVEL = 0;
				GCC_PREPROCESSOR_DEFINITIONS = (
					"DEBUG=1",
					"$(inherited)",
				);
				GCC_WARN_64_TO_32_BIT_CONVERSION = YES;
				GCC_WARN_ABOUT_RETURN_TYPE = YES_ERROR;
				GCC_WARN_UNDECLARED_SELECTOR = YES;
				GCC_WARN_UNINITIALIZED_AUTOS = YES_AGGRESSIVE;
				GCC_WARN_UNUSED_FUNCTION = YES;
				GCC_WARN_UNUSED_VARIABLE = YES;
				IPHONEOS_DEPLOYMENT_TARGET = 10.3;
				MTL_ENABLE_DEBUG_INFO = YES;
				ONLY_ACTIVE_ARCH = YES;
				SDKROOT = iphoneos;
				SWIFT_ACTIVE_COMPILATION_CONDITIONS = DEBUG;
				SWIFT_OPTIMIZATION_LEVEL = "-Onone";
				TARGETED_DEVICE_FAMILY = "1,2";
			};
			name = Debug;
		};
		24D20D851EFB9D4100C280E9 /* Release */ = {
			isa = XCBuildConfiguration;
			buildSettings = {
				ALWAYS_SEARCH_USER_PATHS = NO;
				CLANG_ANALYZER_NONNULL = YES;
				CLANG_ANALYZER_NUMBER_OBJECT_CONVERSION = YES_AGGRESSIVE;
				CLANG_CXX_LANGUAGE_STANDARD = "gnu++0x";
				CLANG_CXX_LIBRARY = "libc++";
				CLANG_ENABLE_MODULES = YES;
				CLANG_ENABLE_OBJC_ARC = YES;
				CLANG_WARN_BOOL_CONVERSION = YES;
				CLANG_WARN_CONSTANT_CONVERSION = YES;
				CLANG_WARN_DIRECT_OBJC_ISA_USAGE = YES_ERROR;
				CLANG_WARN_DOCUMENTATION_COMMENTS = YES;
				CLANG_WARN_EMPTY_BODY = YES;
				CLANG_WARN_ENUM_CONVERSION = YES;
				CLANG_WARN_INFINITE_RECURSION = YES;
				CLANG_WARN_INT_CONVERSION = YES;
				CLANG_WARN_OBJC_ROOT_CLASS = YES_ERROR;
				CLANG_WARN_SUSPICIOUS_MOVE = YES;
				CLANG_WARN_UNREACHABLE_CODE = YES;
				CLANG_WARN__DUPLICATE_METHOD_MATCH = YES;
				"CODE_SIGN_IDENTITY[sdk=iphoneos*]" = "iPhone Developer";
				COPY_PHASE_STRIP = NO;
				DEBUG_INFORMATION_FORMAT = "dwarf-with-dsym";
				ENABLE_NS_ASSERTIONS = NO;
				ENABLE_STRICT_OBJC_MSGSEND = YES;
				GCC_C_LANGUAGE_STANDARD = gnu99;
				GCC_NO_COMMON_BLOCKS = YES;
				GCC_WARN_64_TO_32_BIT_CONVERSION = YES;
				GCC_WARN_ABOUT_RETURN_TYPE = YES_ERROR;
				GCC_WARN_UNDECLARED_SELECTOR = YES;
				GCC_WARN_UNINITIALIZED_AUTOS = YES_AGGRESSIVE;
				GCC_WARN_UNUSED_FUNCTION = YES;
				GCC_WARN_UNUSED_VARIABLE = YES;
				IPHONEOS_DEPLOYMENT_TARGET = 10.3;
				MTL_ENABLE_DEBUG_INFO = NO;
				SDKROOT = iphoneos;
				SWIFT_OPTIMIZATION_LEVEL = "-Owholemodule";
				TARGETED_DEVICE_FAMILY = "1,2";
				VALIDATE_PRODUCT = YES;
			};
			name = Release;
		};
		24D20D871EFB9D4100C280E9 /* Debug */ = {
			isa = XCBuildConfiguration;
			buildSettings = {
				ASSETCATALOG_COMPILER_APPICON_NAME = AppIcon;
				DEVELOPMENT_TEAM = S2PTDD55A4;
				INFOPLIST_FILE = tipApp/Info.plist;
				LD_RUNPATH_SEARCH_PATHS = "$(inherited) @executable_path/Frameworks";
				PRODUCT_BUNDLE_IDENTIFIER = Nik.tipApp;
				PRODUCT_NAME = "$(TARGET_NAME)";
				SWIFT_VERSION = 3.0;
			};
			name = Debug;
		};
		24D20D881EFB9D4100C280E9 /* Release */ = {
			isa = XCBuildConfiguration;
			buildSettings = {
				ASSETCATALOG_COMPILER_APPICON_NAME = AppIcon;
				DEVELOPMENT_TEAM = S2PTDD55A4;
				INFOPLIST_FILE = tipApp/Info.plist;
				LD_RUNPATH_SEARCH_PATHS = "$(inherited) @executable_path/Frameworks";
				PRODUCT_BUNDLE_IDENTIFIER = Nik.tipApp;
				PRODUCT_NAME = "$(TARGET_NAME)";
				SWIFT_VERSION = 3.0;
			};
			name = Release;
		};
/* End XCBuildConfiguration section */

/* Begin XCConfigurationList section */
		24D20D6F1EFB9D4100C280E9 /* Build configuration list for PBXProject "tipApp" */ = {
			isa = XCConfigurationList;
			buildConfigurations = (
				24D20D841EFB9D4100C280E9 /* Debug */,
				24D20D851EFB9D4100C280E9 /* Release */,
			);
			defaultConfigurationIsVisible = 0;
			defaultConfigurationName = Release;
		};
		24D20D861EFB9D4100C280E9 /* Build configuration list for PBXNativeTarget "tipApp" */ = {
			isa = XCConfigurationList;
			buildConfigurations = (
				24D20D871EFB9D4100C280E9 /* Debug */,
				24D20D881EFB9D4100C280E9 /* Release */,
			);
			defaultConfigurationIsVisible = 0;
			defaultConfigurationName = Release;
		};
/* End XCConfigurationList section */
	};
	rootObject = 24D20D6C1EFB9D4100C280E9 /* Project object */;
}
